// !$*UTF8*$!
{
	archiveVersion = 1;
	classes = {
	};
	objectVersion = 50;
	objects = {

/* Begin PBXBuildFile section */
		FF0CDA40273CF86600611710 /* TreeNode.swift in Sources */ = {isa = PBXBuildFile; fileRef = FF0CDA3F273CF86600611710 /* TreeNode.swift */; };
		FF1EDDFD27F716320069C9B5 /* SegregateEvenOdds.swift in Sources */ = {isa = PBXBuildFile; fileRef = FF1EDDFC27F716320069C9B5 /* SegregateEvenOdds.swift */; };
		FF1FE20828119F00006CF2C3 /* LeetCode_38.swift in Sources */ = {isa = PBXBuildFile; fileRef = FF1FE20728119F00006CF2C3 /* LeetCode_38.swift */; };
		FF1FE20A2811A9CB006CF2C3 /* LeetCode_41.swift in Sources */ = {isa = PBXBuildFile; fileRef = FF1FE2092811A9CB006CF2C3 /* LeetCode_41.swift */; };
		FF1FE20C28129FAF006CF2C3 /* LeetCode_46.swift in Sources */ = {isa = PBXBuildFile; fileRef = FF1FE20B28129FAE006CF2C3 /* LeetCode_46.swift */; };
		FF1FE20E2812C08F006CF2C3 /* LeetCode_48.swift in Sources */ = {isa = PBXBuildFile; fileRef = FF1FE20D2812C08F006CF2C3 /* LeetCode_48.swift */; };
		FF1FE2102812C0F3006CF2C3 /* LeetCode_566.swift in Sources */ = {isa = PBXBuildFile; fileRef = FF1FE20F2812C0F3006CF2C3 /* LeetCode_566.swift */; };
		FF1FE2122812C141006CF2C3 /* LeetCode_867.swift in Sources */ = {isa = PBXBuildFile; fileRef = FF1FE2112812C141006CF2C3 /* LeetCode_867.swift */; };
		FF1FE2152812C1B6006CF2C3 /* BubbleSort.swift in Sources */ = {isa = PBXBuildFile; fileRef = FF1FE2142812C1B6006CF2C3 /* BubbleSort.swift */; };
		FF1FE2172812C1D0006CF2C3 /* MergeSort.swift in Sources */ = {isa = PBXBuildFile; fileRef = FF1FE2162812C1D0006CF2C3 /* MergeSort.swift */; };
		FF1FE2192812C1DB006CF2C3 /* QuickSort.swift in Sources */ = {isa = PBXBuildFile; fileRef = FF1FE2182812C1DB006CF2C3 /* QuickSort.swift */; };
		FF1FE21C2812C1E9006CF2C3 /* CountSort.swift in Sources */ = {isa = PBXBuildFile; fileRef = FF1FE21B2812C1E9006CF2C3 /* CountSort.swift */; };
		FF1FE21E2812C20E006CF2C3 /* SelectionSort.swift in Sources */ = {isa = PBXBuildFile; fileRef = FF1FE21D2812C20E006CF2C3 /* SelectionSort.swift */; };
		FF1FE2202812C235006CF2C3 /* InsertionSort.swift in Sources */ = {isa = PBXBuildFile; fileRef = FF1FE21F2812C235006CF2C3 /* InsertionSort.swift */; };
		FF1FE2222812C294006CF2C3 /* HeapSort.swift in Sources */ = {isa = PBXBuildFile; fileRef = FF1FE2212812C294006CF2C3 /* HeapSort.swift */; };
		FF1FE2242812D1B2006CF2C3 /* LeetCode_50.swift in Sources */ = {isa = PBXBuildFile; fileRef = FF1FE2232812D1B2006CF2C3 /* LeetCode_50.swift */; };
		FF1FE2262812D1E6006CF2C3 /* LeetCode_633.swift in Sources */ = {isa = PBXBuildFile; fileRef = FF1FE2252812D1E6006CF2C3 /* LeetCode_633.swift */; };
		FF1FE2282812D214006CF2C3 /* LeetCode_172.swift in Sources */ = {isa = PBXBuildFile; fileRef = FF1FE2272812D214006CF2C3 /* LeetCode_172.swift */; };
		FF1FE22A2812D23C006CF2C3 /* LeetCode_728.swift in Sources */ = {isa = PBXBuildFile; fileRef = FF1FE2292812D23C006CF2C3 /* LeetCode_728.swift */; };
		FF1FE22C2812D265006CF2C3 /* LeetCode_221.swift in Sources */ = {isa = PBXBuildFile; fileRef = FF1FE22B2812D265006CF2C3 /* LeetCode_221.swift */; };
		FF1FE22E2812D293006CF2C3 /* LeetCode_67.swift in Sources */ = {isa = PBXBuildFile; fileRef = FF1FE22D2812D293006CF2C3 /* LeetCode_67.swift */; };
		FF1FE2302812D2B5006CF2C3 /* LeetCode_258.swift in Sources */ = {isa = PBXBuildFile; fileRef = FF1FE22F2812D2B5006CF2C3 /* LeetCode_258.swift */; };
		FF1FE2322812D2E0006CF2C3 /* LeetCode_2.swift in Sources */ = {isa = PBXBuildFile; fileRef = FF1FE2312812D2E0006CF2C3 /* LeetCode_2.swift */; };
		FF1FE2342812D310006CF2C3 /* LeetCode_1009.swift in Sources */ = {isa = PBXBuildFile; fileRef = FF1FE2332812D310006CF2C3 /* LeetCode_1009.swift */; };
		FF1FE2362812D33A006CF2C3 /* LeetCode_762.swift in Sources */ = {isa = PBXBuildFile; fileRef = FF1FE2352812D33A006CF2C3 /* LeetCode_762.swift */; };
		FF1FE2382812D35F006CF2C3 /* LeetCode_397.swift in Sources */ = {isa = PBXBuildFile; fileRef = FF1FE2372812D35F006CF2C3 /* LeetCode_397.swift */; };
		FF2EE335277A2D8A003CA53D /* Queue.swift in Sources */ = {isa = PBXBuildFile; fileRef = FF2EE334277A2D8A003CA53D /* Queue.swift */; };
		FF2EE337277A30CF003CA53D /* Stack.swift in Sources */ = {isa = PBXBuildFile; fileRef = FF2EE336277A30CF003CA53D /* Stack.swift */; };
		FF37772C2799DC8500AE0816 /* Josephus.swift in Sources */ = {isa = PBXBuildFile; fileRef = FF37772B2799DC8500AE0816 /* Josephus.swift */; };
		FF37772E2799DC9900AE0816 /* MaximumIntervalOverlaping.swift in Sources */ = {isa = PBXBuildFile; fileRef = FF37772D2799DC9900AE0816 /* MaximumIntervalOverlaping.swift */; };
		FF3777312799DCB000AE0816 /* Flipping Bits.swift in Sources */ = {isa = PBXBuildFile; fileRef = FF3777302799DCB000AE0816 /* Flipping Bits.swift */; };
		FF3777332799DD4900AE0816 /* BinaryNode.swift in Sources */ = {isa = PBXBuildFile; fileRef = FF3777322799DD4900AE0816 /* BinaryNode.swift */; };
		FF3777352799DD9100AE0816 /* Array+Helper.swift in Sources */ = {isa = PBXBuildFile; fileRef = FF3777342799DD9100AE0816 /* Array+Helper.swift */; };
		FF3777372799DE4B00AE0816 /* LinkedList.swift in Sources */ = {isa = PBXBuildFile; fileRef = FF3777362799DE4B00AE0816 /* LinkedList.swift */; };
		FF3FCBD5281471850074F52A /* LeetCode_69.swift in Sources */ = {isa = PBXBuildFile; fileRef = FF3FCBD4281471850074F52A /* LeetCode_69.swift */; };
		FF485E2127D75D380047DDCB /* String+Helper.swift in Sources */ = {isa = PBXBuildFile; fileRef = FF485E2027D75D380047DDCB /* String+Helper.swift */; };
		FF485E2427D8E3850047DDCB /* LRUCache.swift in Sources */ = {isa = PBXBuildFile; fileRef = FF485E2327D8E3850047DDCB /* LRUCache.swift */; };
		FF485E2627D9C7E20047DDCB /* MinStack.swift in Sources */ = {isa = PBXBuildFile; fileRef = FF485E2527D9C7E20047DDCB /* MinStack.swift */; };
		FF485E2827DA16AC0047DDCB /* MyHashMap.swift in Sources */ = {isa = PBXBuildFile; fileRef = FF485E2727DA16AC0047DDCB /* MyHashMap.swift */; };
		FF4A527527FED25700A912C9 /* LeetCode_1.swift in Sources */ = {isa = PBXBuildFile; fileRef = FF4A527427FED25700A912C9 /* LeetCode_1.swift */; };
		FF4A527727FEEF1100A912C9 /* LeetCode_3.swift in Sources */ = {isa = PBXBuildFile; fileRef = FF4A527627FEEF1100A912C9 /* LeetCode_3.swift */; };
		FF4A527927FEFAEC00A912C9 /* LeetCode_4.swift in Sources */ = {isa = PBXBuildFile; fileRef = FF4A527827FEFAEC00A912C9 /* LeetCode_4.swift */; };
		FF54D23F28140B2F0052B59C /* LeetCode_56.swift in Sources */ = {isa = PBXBuildFile; fileRef = FF54D23E28140B2F0052B59C /* LeetCode_56.swift */; };
		FF73BBFD2805BD610092ABF0 /* LeetCode_19.swift in Sources */ = {isa = PBXBuildFile; fileRef = FF73BBFC2805BD610092ABF0 /* LeetCode_19.swift */; };
		FF73BBFF2805C1CD0092ABF0 /* LeetCode_21.swift in Sources */ = {isa = PBXBuildFile; fileRef = FF73BBFE2805C1CD0092ABF0 /* LeetCode_21.swift */; };
		FF73BC012805D60A0092ABF0 /* LeetCode_26.swift in Sources */ = {isa = PBXBuildFile; fileRef = FF73BC002805D60A0092ABF0 /* LeetCode_26.swift */; };
		FF73BC03280730FF0092ABF0 /* LeetCode_28.swift in Sources */ = {isa = PBXBuildFile; fileRef = FF73BC02280730FF0092ABF0 /* LeetCode_28.swift */; };
		FF79B26E268AF19000AF1915 /* Matrix.swift in Sources */ = {isa = PBXBuildFile; fileRef = FF79B26D268AF19000AF1915 /* Matrix.swift */; };
		FF8EF9BE27FF13B9000F39A4 /* LeetCode_5.swift in Sources */ = {isa = PBXBuildFile; fileRef = FF8EF9BD27FF13B9000F39A4 /* LeetCode_5.swift */; };
		FF8EF9C02803FFB4000F39A4 /* LeetCode_7.swift in Sources */ = {isa = PBXBuildFile; fileRef = FF8EF9BF2803FFB4000F39A4 /* LeetCode_7.swift */; };
		FF8EF9C228041393000F39A4 /* LeetCode_8.swift in Sources */ = {isa = PBXBuildFile; fileRef = FF8EF9C128041393000F39A4 /* LeetCode_8.swift */; };
		FF92146428045ED600C249ED /* LeetCode_11.swift in Sources */ = {isa = PBXBuildFile; fileRef = FF92146328045ED600C249ED /* LeetCode_11.swift */; };
		FF964AC427DF4E9400A2A930 /* BinaryTree.swift in Sources */ = {isa = PBXBuildFile; fileRef = FF964AC327DF4E9400A2A930 /* BinaryTree.swift */; };
		FFB870962687165900960072 /* main.swift in Sources */ = {isa = PBXBuildFile; fileRef = FFB870952687165900960072 /* main.swift */; };
		FFD74F262808825F00A35CF9 /* LeetCode_33.swift in Sources */ = {isa = PBXBuildFile; fileRef = FFD74F252808825F00A35CF9 /* LeetCode_33.swift */; };
		FFD74F2828092D2300A35CF9 /* LeetCode_34.swift in Sources */ = {isa = PBXBuildFile; fileRef = FFD74F2728092D2300A35CF9 /* LeetCode_34.swift */; };
		FFDA63E828171ADA0066BAFB /* LeetCode_75.swift in Sources */ = {isa = PBXBuildFile; fileRef = FFDA63E728171ADA0066BAFB /* LeetCode_75.swift */; };
		FFDA63EA2817C0490066BAFB /* LeetCode_78.swift in Sources */ = {isa = PBXBuildFile; fileRef = FFDA63E92817C0490066BAFB /* LeetCode_78.swift */; };
		FFF1422427E07DAD0061BD8B /* House Robber.swift in Sources */ = {isa = PBXBuildFile; fileRef = FFF1422327E07DAD0061BD8B /* House Robber.swift */; };
		FFF1422627E0CAE80061BD8B /* ClimbStairs.swift in Sources */ = {isa = PBXBuildFile; fileRef = FFF1422527E0CAE80061BD8B /* ClimbStairs.swift */; };
		FFF1422827E0CB0A0061BD8B /* UniquePaths.swift in Sources */ = {isa = PBXBuildFile; fileRef = FFF1422727E0CB0A0061BD8B /* UniquePaths.swift */; };
		FFF1422A27E0CB2C0061BD8B /* UniquePath With Obstacle.swift in Sources */ = {isa = PBXBuildFile; fileRef = FFF1422927E0CB2C0061BD8B /* UniquePath With Obstacle.swift */; };
		FFF1422C27E0CB820061BD8B /* PartitionSubsetEqualSum.swift in Sources */ = {isa = PBXBuildFile; fileRef = FFF1422B27E0CB810061BD8B /* PartitionSubsetEqualSum.swift */; };
		FFF1422E27E0CBDF0061BD8B /* MinCostClimbStair.swift in Sources */ = {isa = PBXBuildFile; fileRef = FFF1422D27E0CBDF0061BD8B /* MinCostClimbStair.swift */; };
		FFF1423027E0DE7B0061BD8B /* 121.swift in Sources */ = {isa = PBXBuildFile; fileRef = FFF1422F27E0DE7B0061BD8B /* 121.swift */; };
		FFF1423227E0E0ED0061BD8B /* 1143.swift in Sources */ = {isa = PBXBuildFile; fileRef = FFF1423127E0E0ED0061BD8B /* 1143.swift */; };
		FFF7B0AF2792A8210095E158 /* Helper.swift in Sources */ = {isa = PBXBuildFile; fileRef = FFF7B0AE2792A8210095E158 /* Helper.swift */; };
		FFFEFD482813ECB500326CB6 /* LeetCode_54.swift in Sources */ = {isa = PBXBuildFile; fileRef = FFFEFD472813ECB500326CB6 /* LeetCode_54.swift */; };
		FFFEFD4A2813FC6800326CB6 /* LeetCode_55.swift in Sources */ = {isa = PBXBuildFile; fileRef = FFFEFD492813FC6800326CB6 /* LeetCode_55.swift */; };
/* End PBXBuildFile section */

/* Begin PBXCopyFilesBuildPhase section */
		FFB870902687165900960072 /* CopyFiles */ = {
			isa = PBXCopyFilesBuildPhase;
			buildActionMask = 2147483647;
			dstPath = /usr/share/man/man1/;
			dstSubfolderSpec = 0;
			files = (
			);
			runOnlyForDeploymentPostprocessing = 1;
		};
/* End PBXCopyFilesBuildPhase section */

/* Begin PBXFileReference section */
		FF0CDA3F273CF86600611710 /* TreeNode.swift */ = {isa = PBXFileReference; lastKnownFileType = sourcecode.swift; path = TreeNode.swift; sourceTree = "<group>"; };
		FF1EDDFC27F716320069C9B5 /* SegregateEvenOdds.swift */ = {isa = PBXFileReference; lastKnownFileType = sourcecode.swift; path = SegregateEvenOdds.swift; sourceTree = "<group>"; };
		FF1FE20728119F00006CF2C3 /* LeetCode_38.swift */ = {isa = PBXFileReference; lastKnownFileType = sourcecode.swift; path = LeetCode_38.swift; sourceTree = "<group>"; };
		FF1FE2092811A9CB006CF2C3 /* LeetCode_41.swift */ = {isa = PBXFileReference; lastKnownFileType = sourcecode.swift; path = LeetCode_41.swift; sourceTree = "<group>"; };
		FF1FE20B28129FAE006CF2C3 /* LeetCode_46.swift */ = {isa = PBXFileReference; lastKnownFileType = sourcecode.swift; path = LeetCode_46.swift; sourceTree = "<group>"; };
		FF1FE20D2812C08F006CF2C3 /* LeetCode_48.swift */ = {isa = PBXFileReference; lastKnownFileType = sourcecode.swift; path = LeetCode_48.swift; sourceTree = "<group>"; };
		FF1FE20F2812C0F3006CF2C3 /* LeetCode_566.swift */ = {isa = PBXFileReference; lastKnownFileType = sourcecode.swift; path = LeetCode_566.swift; sourceTree = "<group>"; };
		FF1FE2112812C141006CF2C3 /* LeetCode_867.swift */ = {isa = PBXFileReference; lastKnownFileType = sourcecode.swift; path = LeetCode_867.swift; sourceTree = "<group>"; };
		FF1FE2142812C1B6006CF2C3 /* BubbleSort.swift */ = {isa = PBXFileReference; lastKnownFileType = sourcecode.swift; path = BubbleSort.swift; sourceTree = "<group>"; };
		FF1FE2162812C1D0006CF2C3 /* MergeSort.swift */ = {isa = PBXFileReference; lastKnownFileType = sourcecode.swift; path = MergeSort.swift; sourceTree = "<group>"; };
		FF1FE2182812C1DB006CF2C3 /* QuickSort.swift */ = {isa = PBXFileReference; lastKnownFileType = sourcecode.swift; path = QuickSort.swift; sourceTree = "<group>"; };
		FF1FE21B2812C1E9006CF2C3 /* CountSort.swift */ = {isa = PBXFileReference; lastKnownFileType = sourcecode.swift; path = CountSort.swift; sourceTree = "<group>"; };
		FF1FE21D2812C20E006CF2C3 /* SelectionSort.swift */ = {isa = PBXFileReference; lastKnownFileType = sourcecode.swift; path = SelectionSort.swift; sourceTree = "<group>"; };
		FF1FE21F2812C235006CF2C3 /* InsertionSort.swift */ = {isa = PBXFileReference; lastKnownFileType = sourcecode.swift; path = InsertionSort.swift; sourceTree = "<group>"; };
		FF1FE2212812C294006CF2C3 /* HeapSort.swift */ = {isa = PBXFileReference; lastKnownFileType = sourcecode.swift; path = HeapSort.swift; sourceTree = "<group>"; };
		FF1FE2232812D1B2006CF2C3 /* LeetCode_50.swift */ = {isa = PBXFileReference; lastKnownFileType = sourcecode.swift; path = LeetCode_50.swift; sourceTree = "<group>"; };
		FF1FE2252812D1E6006CF2C3 /* LeetCode_633.swift */ = {isa = PBXFileReference; lastKnownFileType = sourcecode.swift; path = LeetCode_633.swift; sourceTree = "<group>"; };
		FF1FE2272812D214006CF2C3 /* LeetCode_172.swift */ = {isa = PBXFileReference; lastKnownFileType = sourcecode.swift; path = LeetCode_172.swift; sourceTree = "<group>"; };
		FF1FE2292812D23C006CF2C3 /* LeetCode_728.swift */ = {isa = PBXFileReference; lastKnownFileType = sourcecode.swift; path = LeetCode_728.swift; sourceTree = "<group>"; };
		FF1FE22B2812D265006CF2C3 /* LeetCode_221.swift */ = {isa = PBXFileReference; lastKnownFileType = sourcecode.swift; path = LeetCode_221.swift; sourceTree = "<group>"; };
		FF1FE22D2812D293006CF2C3 /* LeetCode_67.swift */ = {isa = PBXFileReference; lastKnownFileType = sourcecode.swift; path = LeetCode_67.swift; sourceTree = "<group>"; };
		FF1FE22F2812D2B5006CF2C3 /* LeetCode_258.swift */ = {isa = PBXFileReference; lastKnownFileType = sourcecode.swift; path = LeetCode_258.swift; sourceTree = "<group>"; };
		FF1FE2312812D2E0006CF2C3 /* LeetCode_2.swift */ = {isa = PBXFileReference; lastKnownFileType = sourcecode.swift; path = LeetCode_2.swift; sourceTree = "<group>"; };
		FF1FE2332812D310006CF2C3 /* LeetCode_1009.swift */ = {isa = PBXFileReference; lastKnownFileType = sourcecode.swift; path = LeetCode_1009.swift; sourceTree = "<group>"; };
		FF1FE2352812D33A006CF2C3 /* LeetCode_762.swift */ = {isa = PBXFileReference; lastKnownFileType = sourcecode.swift; path = LeetCode_762.swift; sourceTree = "<group>"; };
		FF1FE2372812D35F006CF2C3 /* LeetCode_397.swift */ = {isa = PBXFileReference; lastKnownFileType = sourcecode.swift; path = LeetCode_397.swift; sourceTree = "<group>"; };
		FF2EE334277A2D8A003CA53D /* Queue.swift */ = {isa = PBXFileReference; lastKnownFileType = sourcecode.swift; path = Queue.swift; sourceTree = "<group>"; };
		FF2EE336277A30CF003CA53D /* Stack.swift */ = {isa = PBXFileReference; lastKnownFileType = sourcecode.swift; path = Stack.swift; sourceTree = "<group>"; };
		FF37772B2799DC8500AE0816 /* Josephus.swift */ = {isa = PBXFileReference; fileEncoding = 4; lastKnownFileType = sourcecode.swift; path = Josephus.swift; sourceTree = "<group>"; };
		FF37772D2799DC9900AE0816 /* MaximumIntervalOverlaping.swift */ = {isa = PBXFileReference; fileEncoding = 4; lastKnownFileType = sourcecode.swift; path = MaximumIntervalOverlaping.swift; sourceTree = "<group>"; };
		FF3777302799DCB000AE0816 /* Flipping Bits.swift */ = {isa = PBXFileReference; fileEncoding = 4; lastKnownFileType = sourcecode.swift; path = "Flipping Bits.swift"; sourceTree = "<group>"; };
		FF3777322799DD4900AE0816 /* BinaryNode.swift */ = {isa = PBXFileReference; fileEncoding = 4; lastKnownFileType = sourcecode.swift; path = BinaryNode.swift; sourceTree = "<group>"; };
		FF3777342799DD9100AE0816 /* Array+Helper.swift */ = {isa = PBXFileReference; fileEncoding = 4; lastKnownFileType = sourcecode.swift; path = "Array+Helper.swift"; sourceTree = "<group>"; };
		FF3777362799DE4B00AE0816 /* LinkedList.swift */ = {isa = PBXFileReference; fileEncoding = 4; lastKnownFileType = sourcecode.swift; path = LinkedList.swift; sourceTree = "<group>"; };
		FF3FCBD4281471850074F52A /* LeetCode_69.swift */ = {isa = PBXFileReference; lastKnownFileType = sourcecode.swift; path = LeetCode_69.swift; sourceTree = "<group>"; };
		FF485E2027D75D380047DDCB /* String+Helper.swift */ = {isa = PBXFileReference; lastKnownFileType = sourcecode.swift; path = "String+Helper.swift"; sourceTree = "<group>"; };
		FF485E2327D8E3850047DDCB /* LRUCache.swift */ = {isa = PBXFileReference; lastKnownFileType = sourcecode.swift; path = LRUCache.swift; sourceTree = "<group>"; };
		FF485E2527D9C7E20047DDCB /* MinStack.swift */ = {isa = PBXFileReference; lastKnownFileType = sourcecode.swift; path = MinStack.swift; sourceTree = "<group>"; };
		FF485E2727DA16AC0047DDCB /* MyHashMap.swift */ = {isa = PBXFileReference; lastKnownFileType = sourcecode.swift; path = MyHashMap.swift; sourceTree = "<group>"; };
		FF4A527427FED25700A912C9 /* LeetCode_1.swift */ = {isa = PBXFileReference; lastKnownFileType = sourcecode.swift; path = LeetCode_1.swift; sourceTree = "<group>"; };
		FF4A527627FEEF1100A912C9 /* LeetCode_3.swift */ = {isa = PBXFileReference; lastKnownFileType = sourcecode.swift; path = LeetCode_3.swift; sourceTree = "<group>"; };
		FF4A527827FEFAEC00A912C9 /* LeetCode_4.swift */ = {isa = PBXFileReference; lastKnownFileType = sourcecode.swift; path = LeetCode_4.swift; sourceTree = "<group>"; };
		FF54D23E28140B2F0052B59C /* LeetCode_56.swift */ = {isa = PBXFileReference; lastKnownFileType = sourcecode.swift; path = LeetCode_56.swift; sourceTree = "<group>"; };
		FF73BBFC2805BD610092ABF0 /* LeetCode_19.swift */ = {isa = PBXFileReference; lastKnownFileType = sourcecode.swift; path = LeetCode_19.swift; sourceTree = "<group>"; };
		FF73BBFE2805C1CD0092ABF0 /* LeetCode_21.swift */ = {isa = PBXFileReference; lastKnownFileType = sourcecode.swift; path = LeetCode_21.swift; sourceTree = "<group>"; };
		FF73BC002805D60A0092ABF0 /* LeetCode_26.swift */ = {isa = PBXFileReference; lastKnownFileType = sourcecode.swift; path = LeetCode_26.swift; sourceTree = "<group>"; };
		FF73BC02280730FF0092ABF0 /* LeetCode_28.swift */ = {isa = PBXFileReference; lastKnownFileType = sourcecode.swift; path = LeetCode_28.swift; sourceTree = "<group>"; };
		FF79B26D268AF19000AF1915 /* Matrix.swift */ = {isa = PBXFileReference; lastKnownFileType = sourcecode.swift; path = Matrix.swift; sourceTree = "<group>"; };
		FF8EF9BD27FF13B9000F39A4 /* LeetCode_5.swift */ = {isa = PBXFileReference; lastKnownFileType = sourcecode.swift; path = LeetCode_5.swift; sourceTree = "<group>"; };
		FF8EF9BF2803FFB4000F39A4 /* LeetCode_7.swift */ = {isa = PBXFileReference; lastKnownFileType = sourcecode.swift; path = LeetCode_7.swift; sourceTree = "<group>"; };
		FF8EF9C128041393000F39A4 /* LeetCode_8.swift */ = {isa = PBXFileReference; lastKnownFileType = sourcecode.swift; path = LeetCode_8.swift; sourceTree = "<group>"; };
		FF92146328045ED600C249ED /* LeetCode_11.swift */ = {isa = PBXFileReference; lastKnownFileType = sourcecode.swift; path = LeetCode_11.swift; sourceTree = "<group>"; };
		FF964AC327DF4E9400A2A930 /* BinaryTree.swift */ = {isa = PBXFileReference; lastKnownFileType = sourcecode.swift; path = BinaryTree.swift; sourceTree = "<group>"; };
		FFB870922687165900960072 /* Console */ = {isa = PBXFileReference; explicitFileType = "compiled.mach-o.executable"; includeInIndex = 0; path = Console; sourceTree = BUILT_PRODUCTS_DIR; };
		FFB870952687165900960072 /* main.swift */ = {isa = PBXFileReference; lastKnownFileType = sourcecode.swift; path = main.swift; sourceTree = "<group>"; };
		FFD74F252808825F00A35CF9 /* LeetCode_33.swift */ = {isa = PBXFileReference; lastKnownFileType = sourcecode.swift; path = LeetCode_33.swift; sourceTree = "<group>"; };
		FFD74F2728092D2300A35CF9 /* LeetCode_34.swift */ = {isa = PBXFileReference; lastKnownFileType = sourcecode.swift; path = LeetCode_34.swift; sourceTree = "<group>"; };
		FFDA63E728171ADA0066BAFB /* LeetCode_75.swift */ = {isa = PBXFileReference; lastKnownFileType = sourcecode.swift; path = LeetCode_75.swift; sourceTree = "<group>"; };
		FFDA63E92817C0490066BAFB /* LeetCode_78.swift */ = {isa = PBXFileReference; lastKnownFileType = sourcecode.swift; path = LeetCode_78.swift; sourceTree = "<group>"; };
		FFF1422327E07DAD0061BD8B /* House Robber.swift */ = {isa = PBXFileReference; lastKnownFileType = sourcecode.swift; path = "House Robber.swift"; sourceTree = "<group>"; };
		FFF1422527E0CAE80061BD8B /* ClimbStairs.swift */ = {isa = PBXFileReference; lastKnownFileType = sourcecode.swift; path = ClimbStairs.swift; sourceTree = "<group>"; };
		FFF1422727E0CB0A0061BD8B /* UniquePaths.swift */ = {isa = PBXFileReference; lastKnownFileType = sourcecode.swift; path = UniquePaths.swift; sourceTree = "<group>"; };
		FFF1422927E0CB2C0061BD8B /* UniquePath With Obstacle.swift */ = {isa = PBXFileReference; lastKnownFileType = sourcecode.swift; path = "UniquePath With Obstacle.swift"; sourceTree = "<group>"; };
		FFF1422B27E0CB810061BD8B /* PartitionSubsetEqualSum.swift */ = {isa = PBXFileReference; lastKnownFileType = sourcecode.swift; path = PartitionSubsetEqualSum.swift; sourceTree = "<group>"; };
		FFF1422D27E0CBDF0061BD8B /* MinCostClimbStair.swift */ = {isa = PBXFileReference; lastKnownFileType = sourcecode.swift; path = MinCostClimbStair.swift; sourceTree = "<group>"; };
		FFF1422F27E0DE7B0061BD8B /* 121.swift */ = {isa = PBXFileReference; lastKnownFileType = sourcecode.swift; path = 121.swift; sourceTree = "<group>"; };
		FFF1423127E0E0ED0061BD8B /* 1143.swift */ = {isa = PBXFileReference; lastKnownFileType = sourcecode.swift; path = 1143.swift; sourceTree = "<group>"; };
		FFF7B0AE2792A8210095E158 /* Helper.swift */ = {isa = PBXFileReference; lastKnownFileType = sourcecode.swift; path = Helper.swift; sourceTree = "<group>"; };
		FFFEFD472813ECB500326CB6 /* LeetCode_54.swift */ = {isa = PBXFileReference; lastKnownFileType = sourcecode.swift; path = LeetCode_54.swift; sourceTree = "<group>"; };
		FFFEFD492813FC6800326CB6 /* LeetCode_55.swift */ = {isa = PBXFileReference; lastKnownFileType = sourcecode.swift; path = LeetCode_55.swift; sourceTree = "<group>"; };
/* End PBXFileReference section */

/* Begin PBXFrameworksBuildPhase section */
		FFB8708F2687165900960072 /* Frameworks */ = {
			isa = PBXFrameworksBuildPhase;
			buildActionMask = 2147483647;
			files = (
			);
			runOnlyForDeploymentPostprocessing = 0;
		};
/* End PBXFrameworksBuildPhase section */

/* Begin PBXGroup section */
		FF1FE20628119EF1006CF2C3 /* Matrix */ = {
			isa = PBXGroup;
			children = (
				FF79B26D268AF19000AF1915 /* Matrix.swift */,
				FFFEFD472813ECB500326CB6 /* LeetCode_54.swift */,
				FF1FE20728119F00006CF2C3 /* LeetCode_38.swift */,
				FF1FE20D2812C08F006CF2C3 /* LeetCode_48.swift */,
				FF1FE20F2812C0F3006CF2C3 /* LeetCode_566.swift */,
				FF1FE2112812C141006CF2C3 /* LeetCode_867.swift */,
			);
			path = Matrix;
			sourceTree = "<group>";
		};
		FF1FE2132812C19F006CF2C3 /* Sort */ = {
			isa = PBXGroup;
			children = (
				FF1FE2142812C1B6006CF2C3 /* BubbleSort.swift */,
				FF1FE2162812C1D0006CF2C3 /* MergeSort.swift */,
				FF1FE2182812C1DB006CF2C3 /* QuickSort.swift */,
				FF1FE21B2812C1E9006CF2C3 /* CountSort.swift */,
				FF1FE21D2812C20E006CF2C3 /* SelectionSort.swift */,
				FF1FE21F2812C235006CF2C3 /* InsertionSort.swift */,
				FF1FE2212812C294006CF2C3 /* HeapSort.swift */,
			);
			path = Sort;
			sourceTree = "<group>";
		};
		FF37772A2799DC7700AE0816 /* Array */ = {
			isa = PBXGroup;
			children = (
				FFD74F252808825F00A35CF9 /* LeetCode_33.swift */,
				FFD74F2728092D2300A35CF9 /* LeetCode_34.swift */,
				FF73BC002805D60A0092ABF0 /* LeetCode_26.swift */,
				FF37772D2799DC9900AE0816 /* MaximumIntervalOverlaping.swift */,
				FF37772B2799DC8500AE0816 /* Josephus.swift */,
				FF3777342799DD9100AE0816 /* Array+Helper.swift */,
				FF1EDDFC27F716320069C9B5 /* SegregateEvenOdds.swift */,
				FF4A527427FED25700A912C9 /* LeetCode_1.swift */,
				FF4A527627FEEF1100A912C9 /* LeetCode_3.swift */,
				FF4A527827FEFAEC00A912C9 /* LeetCode_4.swift */,
				FF8EF9BD27FF13B9000F39A4 /* LeetCode_5.swift */,
				FF92146328045ED600C249ED /* LeetCode_11.swift */,
				FF1FE2092811A9CB006CF2C3 /* LeetCode_41.swift */,
				FF1FE20B28129FAE006CF2C3 /* LeetCode_46.swift */,
				FFFEFD492813FC6800326CB6 /* LeetCode_55.swift */,
				FF54D23E28140B2F0052B59C /* LeetCode_56.swift */,
				FFDA63E728171ADA0066BAFB /* LeetCode_75.swift */,
				FFDA63E92817C0490066BAFB /* LeetCode_78.swift */,
			);
			path = Array;
			sourceTree = "<group>";
		};
		FF37772F2799DCA200AE0816 /* BitWise */ = {
			isa = PBXGroup;
			children = (
				FF3777302799DCB000AE0816 /* Flipping Bits.swift */,
			);
			path = BitWise;
			sourceTree = "<group>";
		};
		FF485E1F27D75D220047DDCB /* String */ = {
			isa = PBXGroup;
			children = (
				FF73BC02280730FF0092ABF0 /* LeetCode_28.swift */,
				FF485E2027D75D380047DDCB /* String+Helper.swift */,
				FF8EF9C128041393000F39A4 /* LeetCode_8.swift */,
			);
			path = String;
			sourceTree = "<group>";
		};
		FF485E2227D8E3710047DDCB /* DesignParts */ = {
			isa = PBXGroup;
			children = (
				FF485E2327D8E3850047DDCB /* LRUCache.swift */,
				FF485E2527D9C7E20047DDCB /* MinStack.swift */,
				FF485E2727DA16AC0047DDCB /* MyHashMap.swift */,
			);
			path = DesignParts;
			sourceTree = "<group>";
		};
		FF73BBFB2805BD540092ABF0 /* Linked List */ = {
			isa = PBXGroup;
			children = (
				FF3777362799DE4B00AE0816 /* LinkedList.swift */,
				FF73BBFC2805BD610092ABF0 /* LeetCode_19.swift */,
				FF73BBFE2805C1CD0092ABF0 /* LeetCode_21.swift */,
			);
			path = "Linked List";
			sourceTree = "<group>";
		};
		FF964ABF27DB89D400A2A930 /* Math */ = {
			isa = PBXGroup;
			children = (
				FF8EF9BF2803FFB4000F39A4 /* LeetCode_7.swift */,
				FF1FE2232812D1B2006CF2C3 /* LeetCode_50.swift */,
				FF1FE2252812D1E6006CF2C3 /* LeetCode_633.swift */,
				FF1FE2272812D214006CF2C3 /* LeetCode_172.swift */,
				FF1FE2292812D23C006CF2C3 /* LeetCode_728.swift */,
				FF1FE22B2812D265006CF2C3 /* LeetCode_221.swift */,
				FF1FE22D2812D293006CF2C3 /* LeetCode_67.swift */,
				FF1FE22F2812D2B5006CF2C3 /* LeetCode_258.swift */,
				FF1FE2312812D2E0006CF2C3 /* LeetCode_2.swift */,
				FF1FE2332812D310006CF2C3 /* LeetCode_1009.swift */,
				FF1FE2352812D33A006CF2C3 /* LeetCode_762.swift */,
				FF1FE2372812D35F006CF2C3 /* LeetCode_397.swift */,
				FF3FCBD4281471850074F52A /* LeetCode_69.swift */,
			);
			path = Math;
			sourceTree = "<group>";
		};
		FF964AC227DF4E8500A2A930 /* Binary Tree */ = {
			isa = PBXGroup;
			children = (
				FF3777322799DD4900AE0816 /* BinaryNode.swift */,
				FF0CDA3F273CF86600611710 /* TreeNode.swift */,
				FF964AC327DF4E9400A2A930 /* BinaryTree.swift */,
			);
			path = "Binary Tree";
			sourceTree = "<group>";
		};
		FFB870892687165900960072 = {
			isa = PBXGroup;
			children = (
				FFB870942687165900960072 /* Console */,
				FFB870932687165900960072 /* Products */,
			);
			sourceTree = "<group>";
		};
		FFB870932687165900960072 /* Products */ = {
			isa = PBXGroup;
			children = (
				FFB870922687165900960072 /* Console */,
			);
			name = Products;
			sourceTree = "<group>";
		};
		FFB870942687165900960072 /* Console */ = {
			isa = PBXGroup;
			children = (
				FFB870952687165900960072 /* main.swift */,
				FF1FE2132812C19F006CF2C3 /* Sort */,
				FF1FE20628119EF1006CF2C3 /* Matrix */,
				FF73BBFB2805BD540092ABF0 /* Linked List */,
				FFF1422227E07DA60061BD8B /* DP */,
				FF964AC227DF4E8500A2A930 /* Binary Tree */,
				FF964ABF27DB89D400A2A930 /* Math */,
				FF485E2227D8E3710047DDCB /* DesignParts */,
				FF37772F2799DCA200AE0816 /* BitWise */,
				FF485E1F27D75D220047DDCB /* String */,
				FF37772A2799DC7700AE0816 /* Array */,
				FFF7B0AE2792A8210095E158 /* Helper.swift */,
				FF2EE336277A30CF003CA53D /* Stack.swift */,
				FF2EE334277A2D8A003CA53D /* Queue.swift */,
			);
			path = Console;
			sourceTree = "<group>";
		};
		FFF1422227E07DA60061BD8B /* DP */ = {
			isa = PBXGroup;
			children = (
				FFF1422327E07DAD0061BD8B /* House Robber.swift */,
				FFF1422B27E0CB810061BD8B /* PartitionSubsetEqualSum.swift */,
				FFF1422F27E0DE7B0061BD8B /* 121.swift */,
				FFF1423127E0E0ED0061BD8B /* 1143.swift */,
				FFF1422727E0CB0A0061BD8B /* UniquePaths.swift */,
				FFF1422927E0CB2C0061BD8B /* UniquePath With Obstacle.swift */,
				FFF1422527E0CAE80061BD8B /* ClimbStairs.swift */,
				FFF1422D27E0CBDF0061BD8B /* MinCostClimbStair.swift */,
			);
			path = DP;
			sourceTree = "<group>";
		};
/* End PBXGroup section */

/* Begin PBXNativeTarget section */
		FFB870912687165900960072 /* Console */ = {
			isa = PBXNativeTarget;
			buildConfigurationList = FFB870992687165900960072 /* Build configuration list for PBXNativeTarget "Console" */;
			buildPhases = (
				FFB8708E2687165900960072 /* Sources */,
				FFB8708F2687165900960072 /* Frameworks */,
				FFB870902687165900960072 /* CopyFiles */,
			);
			buildRules = (
			);
			dependencies = (
			);
			name = Console;
			productName = Console;
			productReference = FFB870922687165900960072 /* Console */;
			productType = "com.apple.product-type.tool";
		};
/* End PBXNativeTarget section */

/* Begin PBXProject section */
		FFB8708A2687165900960072 /* Project object */ = {
			isa = PBXProject;
			attributes = {
				LastSwiftUpdateCheck = 1240;
				LastUpgradeCheck = 1240;
				TargetAttributes = {
					FFB870912687165900960072 = {
						CreatedOnToolsVersion = 12.4;
					};
				};
			};
			buildConfigurationList = FFB8708D2687165900960072 /* Build configuration list for PBXProject "Console" */;
			compatibilityVersion = "Xcode 9.3";
			developmentRegion = en;
			hasScannedForEncodings = 0;
			knownRegions = (
				en,
				Base,
			);
			mainGroup = FFB870892687165900960072;
			productRefGroup = FFB870932687165900960072 /* Products */;
			projectDirPath = "";
			projectRoot = "";
			targets = (
				FFB870912687165900960072 /* Console */,
			);
		};
/* End PBXProject section */

/* Begin PBXSourcesBuildPhase section */
		FFB8708E2687165900960072 /* Sources */ = {
			isa = PBXSourcesBuildPhase;
			buildActionMask = 2147483647;
			files = (
				FFB870962687165900960072 /* main.swift in Sources */,
				FF2EE337277A30CF003CA53D /* Stack.swift in Sources */,
				FF485E2127D75D380047DDCB /* String+Helper.swift in Sources */,
				FF4A527927FEFAEC00A912C9 /* LeetCode_4.swift in Sources */,
				FF1FE2102812C0F3006CF2C3 /* LeetCode_566.swift in Sources */,
				FF1FE2202812C235006CF2C3 /* InsertionSort.swift in Sources */,
				FF1FE2362812D33A006CF2C3 /* LeetCode_762.swift in Sources */,
				FF8EF9BE27FF13B9000F39A4 /* LeetCode_5.swift in Sources */,
				FFDA63E828171ADA0066BAFB /* LeetCode_75.swift in Sources */,
				FF1FE2222812C294006CF2C3 /* HeapSort.swift in Sources */,
				FF8EF9C228041393000F39A4 /* LeetCode_8.swift in Sources */,
				FFD74F262808825F00A35CF9 /* LeetCode_33.swift in Sources */,
				FFF1422427E07DAD0061BD8B /* House Robber.swift in Sources */,
				FF485E2627D9C7E20047DDCB /* MinStack.swift in Sources */,
				FF1FE21C2812C1E9006CF2C3 /* CountSort.swift in Sources */,
				FF3777332799DD4900AE0816 /* BinaryNode.swift in Sources */,
				FF1FE20C28129FAF006CF2C3 /* LeetCode_46.swift in Sources */,
				FF79B26E268AF19000AF1915 /* Matrix.swift in Sources */,
				FF0CDA40273CF86600611710 /* TreeNode.swift in Sources */,
				FF73BC03280730FF0092ABF0 /* LeetCode_28.swift in Sources */,
				FF1FE20A2811A9CB006CF2C3 /* LeetCode_41.swift in Sources */,
				FF1FE2282812D214006CF2C3 /* LeetCode_172.swift in Sources */,
				FF37772E2799DC9900AE0816 /* MaximumIntervalOverlaping.swift in Sources */,
				FF3777372799DE4B00AE0816 /* LinkedList.swift in Sources */,
				FF485E2827DA16AC0047DDCB /* MyHashMap.swift in Sources */,
				FF3FCBD5281471850074F52A /* LeetCode_69.swift in Sources */,
				FF1FE2262812D1E6006CF2C3 /* LeetCode_633.swift in Sources */,
				FF54D23F28140B2F0052B59C /* LeetCode_56.swift in Sources */,
				FF1FE22E2812D293006CF2C3 /* LeetCode_67.swift in Sources */,
				FF73BC012805D60A0092ABF0 /* LeetCode_26.swift in Sources */,
				FF1FE2242812D1B2006CF2C3 /* LeetCode_50.swift in Sources */,
				FF37772C2799DC8500AE0816 /* Josephus.swift in Sources */,
				FF4A527727FEEF1100A912C9 /* LeetCode_3.swift in Sources */,
				FF73BBFF2805C1CD0092ABF0 /* LeetCode_21.swift in Sources */,
				FFF1422C27E0CB820061BD8B /* PartitionSubsetEqualSum.swift in Sources */,
				FFF1423027E0DE7B0061BD8B /* 121.swift in Sources */,
				FF8EF9C02803FFB4000F39A4 /* LeetCode_7.swift in Sources */,
				FF1FE2342812D310006CF2C3 /* LeetCode_1009.swift in Sources */,
				FF1FE21E2812C20E006CF2C3 /* SelectionSort.swift in Sources */,
				FF485E2427D8E3850047DDCB /* LRUCache.swift in Sources */,
				FFF1422627E0CAE80061BD8B /* ClimbStairs.swift in Sources */,
				FF1FE2122812C141006CF2C3 /* LeetCode_867.swift in Sources */,
				FFDA63EA2817C0490066BAFB /* LeetCode_78.swift in Sources */,
				FFFEFD4A2813FC6800326CB6 /* LeetCode_55.swift in Sources */,
				FF73BBFD2805BD610092ABF0 /* LeetCode_19.swift in Sources */,
				FF1FE2192812C1DB006CF2C3 /* QuickSort.swift in Sources */,
				FF1FE20828119F00006CF2C3 /* LeetCode_38.swift in Sources */,
				FF1FE22C2812D265006CF2C3 /* LeetCode_221.swift in Sources */,
				FF1FE2172812C1D0006CF2C3 /* MergeSort.swift in Sources */,
				FF1FE2322812D2E0006CF2C3 /* LeetCode_2.swift in Sources */,
				FF92146428045ED600C249ED /* LeetCode_11.swift in Sources */,
				FF1FE2382812D35F006CF2C3 /* LeetCode_397.swift in Sources */,
				FFD74F2828092D2300A35CF9 /* LeetCode_34.swift in Sources */,
				FF1EDDFD27F716320069C9B5 /* SegregateEvenOdds.swift in Sources */,
				FF2EE335277A2D8A003CA53D /* Queue.swift in Sources */,
				FF964AC427DF4E9400A2A930 /* BinaryTree.swift in Sources */,
				FF1FE2302812D2B5006CF2C3 /* LeetCode_258.swift in Sources */,
				FFF1422827E0CB0A0061BD8B /* UniquePaths.swift in Sources */,
				FFF1422E27E0CBDF0061BD8B /* MinCostClimbStair.swift in Sources */,
				FFF7B0AF2792A8210095E158 /* Helper.swift in Sources */,
				FFF1422A27E0CB2C0061BD8B /* UniquePath With Obstacle.swift in Sources */,
				FF3777312799DCB000AE0816 /* Flipping Bits.swift in Sources */,
				FFFEFD482813ECB500326CB6 /* LeetCode_54.swift in Sources */,
				FFF1423227E0E0ED0061BD8B /* 1143.swift in Sources */,
				FF3777352799DD9100AE0816 /* Array+Helper.swift in Sources */,
				FF4A527527FED25700A912C9 /* LeetCode_1.swift in Sources */,
				FF1FE20E2812C08F006CF2C3 /* LeetCode_48.swift in Sources */,
				FF1FE2152812C1B6006CF2C3 /* BubbleSort.swift in Sources */,
				FF1FE22A2812D23C006CF2C3 /* LeetCode_728.swift in Sources */,
			);
			runOnlyForDeploymentPostprocessing = 0;
		};
/* End PBXSourcesBuildPhase section */

/* Begin XCBuildConfiguration section */
		FFB870972687165900960072 /* Debug */ = {
			isa = XCBuildConfiguration;
			buildSettings = {
				ALWAYS_SEARCH_USER_PATHS = NO;
				CLANG_ANALYZER_NONNULL = YES;
				CLANG_ANALYZER_NUMBER_OBJECT_CONVERSION = YES_AGGRESSIVE;
				CLANG_CXX_LANGUAGE_STANDARD = "gnu++14";
				CLANG_CXX_LIBRARY = "libc++";
				CLANG_ENABLE_MODULES = YES;
				CLANG_ENABLE_OBJC_ARC = YES;
				CLANG_ENABLE_OBJC_WEAK = YES;
				CLANG_WARN_BLOCK_CAPTURE_AUTORELEASING = YES;
				CLANG_WARN_BOOL_CONVERSION = YES;
				CLANG_WARN_COMMA = YES;
				CLANG_WARN_CONSTANT_CONVERSION = YES;
				CLANG_WARN_DEPRECATED_OBJC_IMPLEMENTATIONS = YES;
				CLANG_WARN_DIRECT_OBJC_ISA_USAGE = YES_ERROR;
				CLANG_WARN_DOCUMENTATION_COMMENTS = YES;
				CLANG_WARN_EMPTY_BODY = YES;
				CLANG_WARN_ENUM_CONVERSION = YES;
				CLANG_WARN_INFINITE_RECURSION = YES;
				CLANG_WARN_INT_CONVERSION = YES;
				CLANG_WARN_NON_LITERAL_NULL_CONVERSION = YES;
				CLANG_WARN_OBJC_IMPLICIT_RETAIN_SELF = YES;
				CLANG_WARN_OBJC_LITERAL_CONVERSION = YES;
				CLANG_WARN_OBJC_ROOT_CLASS = YES_ERROR;
				CLANG_WARN_QUOTED_INCLUDE_IN_FRAMEWORK_HEADER = YES;
				CLANG_WARN_RANGE_LOOP_ANALYSIS = YES;
				CLANG_WARN_STRICT_PROTOTYPES = YES;
				CLANG_WARN_SUSPICIOUS_MOVE = YES;
				CLANG_WARN_UNGUARDED_AVAILABILITY = YES_AGGRESSIVE;
				CLANG_WARN_UNREACHABLE_CODE = YES;
				CLANG_WARN__DUPLICATE_METHOD_MATCH = YES;
				COPY_PHASE_STRIP = NO;
				DEBUG_INFORMATION_FORMAT = dwarf;
				ENABLE_STRICT_OBJC_MSGSEND = YES;
				ENABLE_TESTABILITY = YES;
				GCC_C_LANGUAGE_STANDARD = gnu11;
				GCC_DYNAMIC_NO_PIC = NO;
				GCC_NO_COMMON_BLOCKS = YES;
				GCC_OPTIMIZATION_LEVEL = 0;
				GCC_PREPROCESSOR_DEFINITIONS = (
					"DEBUG=1",
					"$(inherited)",
				);
				GCC_WARN_64_TO_32_BIT_CONVERSION = YES;
				GCC_WARN_ABOUT_RETURN_TYPE = YES_ERROR;
				GCC_WARN_UNDECLARED_SELECTOR = YES;
				GCC_WARN_UNINITIALIZED_AUTOS = YES_AGGRESSIVE;
				GCC_WARN_UNUSED_FUNCTION = YES;
				GCC_WARN_UNUSED_VARIABLE = YES;
				MACOSX_DEPLOYMENT_TARGET = 11.1;
				MTL_ENABLE_DEBUG_INFO = INCLUDE_SOURCE;
				MTL_FAST_MATH = YES;
				ONLY_ACTIVE_ARCH = YES;
				SDKROOT = macosx;
				SWIFT_ACTIVE_COMPILATION_CONDITIONS = DEBUG;
				SWIFT_OPTIMIZATION_LEVEL = "-Onone";
			};
			name = Debug;
		};
		FFB870982687165900960072 /* Release */ = {
			isa = XCBuildConfiguration;
			buildSettings = {
				ALWAYS_SEARCH_USER_PATHS = NO;
				CLANG_ANALYZER_NONNULL = YES;
				CLANG_ANALYZER_NUMBER_OBJECT_CONVERSION = YES_AGGRESSIVE;
				CLANG_CXX_LANGUAGE_STANDARD = "gnu++14";
				CLANG_CXX_LIBRARY = "libc++";
				CLANG_ENABLE_MODULES = YES;
				CLANG_ENABLE_OBJC_ARC = YES;
				CLANG_ENABLE_OBJC_WEAK = YES;
				CLANG_WARN_BLOCK_CAPTURE_AUTORELEASING = YES;
				CLANG_WARN_BOOL_CONVERSION = YES;
				CLANG_WARN_COMMA = YES;
				CLANG_WARN_CONSTANT_CONVERSION = YES;
				CLANG_WARN_DEPRECATED_OBJC_IMPLEMENTATIONS = YES;
				CLANG_WARN_DIRECT_OBJC_ISA_USAGE = YES_ERROR;
				CLANG_WARN_DOCUMENTATION_COMMENTS = YES;
				CLANG_WARN_EMPTY_BODY = YES;
				CLANG_WARN_ENUM_CONVERSION = YES;
				CLANG_WARN_INFINITE_RECURSION = YES;
				CLANG_WARN_INT_CONVERSION = YES;
				CLANG_WARN_NON_LITERAL_NULL_CONVERSION = YES;
				CLANG_WARN_OBJC_IMPLICIT_RETAIN_SELF = YES;
				CLANG_WARN_OBJC_LITERAL_CONVERSION = YES;
				CLANG_WARN_OBJC_ROOT_CLASS = YES_ERROR;
				CLANG_WARN_QUOTED_INCLUDE_IN_FRAMEWORK_HEADER = YES;
				CLANG_WARN_RANGE_LOOP_ANALYSIS = YES;
				CLANG_WARN_STRICT_PROTOTYPES = YES;
				CLANG_WARN_SUSPICIOUS_MOVE = YES;
				CLANG_WARN_UNGUARDED_AVAILABILITY = YES_AGGRESSIVE;
				CLANG_WARN_UNREACHABLE_CODE = YES;
				CLANG_WARN__DUPLICATE_METHOD_MATCH = YES;
				COPY_PHASE_STRIP = NO;
				DEBUG_INFORMATION_FORMAT = "dwarf-with-dsym";
				ENABLE_NS_ASSERTIONS = NO;
				ENABLE_STRICT_OBJC_MSGSEND = YES;
				GCC_C_LANGUAGE_STANDARD = gnu11;
				GCC_NO_COMMON_BLOCKS = YES;
				GCC_WARN_64_TO_32_BIT_CONVERSION = YES;
				GCC_WARN_ABOUT_RETURN_TYPE = YES_ERROR;
				GCC_WARN_UNDECLARED_SELECTOR = YES;
				GCC_WARN_UNINITIALIZED_AUTOS = YES_AGGRESSIVE;
				GCC_WARN_UNUSED_FUNCTION = YES;
				GCC_WARN_UNUSED_VARIABLE = YES;
				MACOSX_DEPLOYMENT_TARGET = 11.1;
				MTL_ENABLE_DEBUG_INFO = NO;
				MTL_FAST_MATH = YES;
				SDKROOT = macosx;
				SWIFT_COMPILATION_MODE = wholemodule;
				SWIFT_OPTIMIZATION_LEVEL = "-O";
			};
			name = Release;
		};
		FFB8709A2687165900960072 /* Debug */ = {
			isa = XCBuildConfiguration;
			buildSettings = {
				CODE_SIGN_STYLE = Manual;
				DEVELOPMENT_TEAM = "";
				ENABLE_HARDENED_RUNTIME = YES;
				PRODUCT_BUNDLE_IDENTIFIER = com.hitesh;
				PRODUCT_NAME = "$(TARGET_NAME)";
				PROVISIONING_PROFILE_SPECIFIER = "";
				SWIFT_VERSION = 5.0;
			};
			name = Debug;
		};
		FFB8709B2687165900960072 /* Release */ = {
			isa = XCBuildConfiguration;
			buildSettings = {
				CODE_SIGN_STYLE = Manual;
				DEVELOPMENT_TEAM = "";
				ENABLE_HARDENED_RUNTIME = YES;
				PRODUCT_BUNDLE_IDENTIFIER = com.hitesh;
				PRODUCT_NAME = "$(TARGET_NAME)";
				PROVISIONING_PROFILE_SPECIFIER = "";
				SWIFT_VERSION = 5.0;
			};
			name = Release;
		};
/* End XCBuildConfiguration section */

/* Begin XCConfigurationList section */
		FFB8708D2687165900960072 /* Build configuration list for PBXProject "Console" */ = {
			isa = XCConfigurationList;
			buildConfigurations = (
				FFB870972687165900960072 /* Debug */,
				FFB870982687165900960072 /* Release */,
			);
			defaultConfigurationIsVisible = 0;
			defaultConfigurationName = Release;
		};
		FFB870992687165900960072 /* Build configuration list for PBXNativeTarget "Console" */ = {
			isa = XCConfigurationList;
			buildConfigurations = (
				FFB8709A2687165900960072 /* Debug */,
				FFB8709B2687165900960072 /* Release */,
			);
			defaultConfigurationIsVisible = 0;
			defaultConfigurationName = Release;
		};
/* End XCConfigurationList section */
	};
	rootObject = FFB8708A2687165900960072 /* Project object */;
}
